// !$*UTF8*$!
{
	archiveVersion = 1;
	classes = {
	};
	objectVersion = 55;
	objects = {

/* Begin PBXBuildFile section */
		84367A1927725459000FD919 /* AppDelegate.swift in Sources */ = {isa = PBXBuildFile; fileRef = 84367A1827725459000FD919 /* AppDelegate.swift */; };
		84367A1B27725459000FD919 /* SceneDelegate.swift in Sources */ = {isa = PBXBuildFile; fileRef = 84367A1A27725459000FD919 /* SceneDelegate.swift */; };
		84367A1D27725459000FD919 /* PeopleViewController.swift in Sources */ = {isa = PBXBuildFile; fileRef = 84367A1C27725459000FD919 /* PeopleViewController.swift */; };
		84367A2027725459000FD919 /* Main.storyboard in Resources */ = {isa = PBXBuildFile; fileRef = 84367A1E27725459000FD919 /* Main.storyboard */; };
		84367A2327725459000FD919 /* GETPeople.xcdatamodeld in Sources */ = {isa = PBXBuildFile; fileRef = 84367A2127725459000FD919 /* GETPeople.xcdatamodeld */; };
		84367A252772545A000FD919 /* Assets.xcassets in Resources */ = {isa = PBXBuildFile; fileRef = 84367A242772545A000FD919 /* Assets.xcassets */; };
		84367A282772545A000FD919 /* LaunchScreen.storyboard in Resources */ = {isa = PBXBuildFile; fileRef = 84367A262772545A000FD919 /* LaunchScreen.storyboard */; };
		84367A332772545A000FD919 /* GETPeopleTests.swift in Sources */ = {isa = PBXBuildFile; fileRef = 84367A322772545A000FD919 /* GETPeopleTests.swift */; };
		84367A3D2772545A000FD919 /* GETPeopleUITests.swift in Sources */ = {isa = PBXBuildFile; fileRef = 84367A3C2772545A000FD919 /* GETPeopleUITests.swift */; };
		84367A3F2772545A000FD919 /* GETPeopleUITestsLaunchTests.swift in Sources */ = {isa = PBXBuildFile; fileRef = 84367A3E2772545A000FD919 /* GETPeopleUITestsLaunchTests.swift */; };
/* End PBXBuildFile section */

/* Begin PBXContainerItemProxy section */
		84367A2F2772545A000FD919 /* PBXContainerItemProxy */ = {
			isa = PBXContainerItemProxy;
			containerPortal = 84367A0D27725459000FD919 /* Project object */;
			proxyType = 1;
			remoteGlobalIDString = 84367A1427725459000FD919;
			remoteInfo = GETPeople;
		};
		84367A392772545A000FD919 /* PBXContainerItemProxy */ = {
			isa = PBXContainerItemProxy;
			containerPortal = 84367A0D27725459000FD919 /* Project object */;
			proxyType = 1;
			remoteGlobalIDString = 84367A1427725459000FD919;
			remoteInfo = GETPeople;
		};
/* End PBXContainerItemProxy section */

/* Begin PBXFileReference section */
		84367A1527725459000FD919 /* GETPeople.app */ = {isa = PBXFileReference; explicitFileType = wrapper.application; includeInIndex = 0; path = GETPeople.app; sourceTree = BUILT_PRODUCTS_DIR; };
		84367A1827725459000FD919 /* AppDelegate.swift */ = {isa = PBXFileReference; lastKnownFileType = sourcecode.swift; path = AppDelegate.swift; sourceTree = "<group>"; };
		84367A1A27725459000FD919 /* SceneDelegate.swift */ = {isa = PBXFileReference; lastKnownFileType = sourcecode.swift; path = SceneDelegate.swift; sourceTree = "<group>"; };
		84367A1C27725459000FD919 /* PeopleViewController.swift */ = {isa = PBXFileReference; lastKnownFileType = sourcecode.swift; path = PeopleViewController.swift; sourceTree = "<group>"; };
		84367A1F27725459000FD919 /* Base */ = {isa = PBXFileReference; lastKnownFileType = file.storyboard; name = Base; path = Base.lproj/Main.storyboard; sourceTree = "<group>"; };
		84367A2227725459000FD919 /* GETPeople.xcdatamodel */ = {isa = PBXFileReference; lastKnownFileType = wrapper.xcdatamodel; path = GETPeople.xcdatamodel; sourceTree = "<group>"; };
		84367A242772545A000FD919 /* Assets.xcassets */ = {isa = PBXFileReference; lastKnownFileType = folder.assetcatalog; path = Assets.xcassets; sourceTree = "<group>"; };
		84367A272772545A000FD919 /* Base */ = {isa = PBXFileReference; lastKnownFileType = file.storyboard; name = Base; path = Base.lproj/LaunchScreen.storyboard; sourceTree = "<group>"; };
		84367A292772545A000FD919 /* Info.plist */ = {isa = PBXFileReference; lastKnownFileType = text.plist.xml; path = Info.plist; sourceTree = "<group>"; };
		84367A2E2772545A000FD919 /* GETPeopleTests.xctest */ = {isa = PBXFileReference; explicitFileType = wrapper.cfbundle; includeInIndex = 0; path = GETPeopleTests.xctest; sourceTree = BUILT_PRODUCTS_DIR; };
		84367A322772545A000FD919 /* GETPeopleTests.swift */ = {isa = PBXFileReference; lastKnownFileType = sourcecode.swift; path = GETPeopleTests.swift; sourceTree = "<group>"; };
		84367A382772545A000FD919 /* GETPeopleUITests.xctest */ = {isa = PBXFileReference; explicitFileType = wrapper.cfbundle; includeInIndex = 0; path = GETPeopleUITests.xctest; sourceTree = BUILT_PRODUCTS_DIR; };
		84367A3C2772545A000FD919 /* GETPeopleUITests.swift */ = {isa = PBXFileReference; lastKnownFileType = sourcecode.swift; path = GETPeopleUITests.swift; sourceTree = "<group>"; };
		84367A3E2772545A000FD919 /* GETPeopleUITestsLaunchTests.swift */ = {isa = PBXFileReference; lastKnownFileType = sourcecode.swift; path = GETPeopleUITestsLaunchTests.swift; sourceTree = "<group>"; };
/* End PBXFileReference section */

/* Begin PBXFrameworksBuildPhase section */
		84367A1227725459000FD919 /* Frameworks */ = {
			isa = PBXFrameworksBuildPhase;
			buildActionMask = 2147483647;
			files = (
			);
			runOnlyForDeploymentPostprocessing = 0;
		};
		84367A2B2772545A000FD919 /* Frameworks */ = {
			isa = PBXFrameworksBuildPhase;
			buildActionMask = 2147483647;
			files = (
			);
			runOnlyForDeploymentPostprocessing = 0;
		};
		84367A352772545A000FD919 /* Frameworks */ = {
			isa = PBXFrameworksBuildPhase;
			buildActionMask = 2147483647;
			files = (
			);
			runOnlyForDeploymentPostprocessing = 0;
		};
/* End PBXFrameworksBuildPhase section */

/* Begin PBXGroup section */
		84367A0C27725459000FD919 = {
			isa = PBXGroup;
			children = (
				84367A1727725459000FD919 /* GETPeople */,
				84367A312772545A000FD919 /* GETPeopleTests */,
				84367A3B2772545A000FD919 /* GETPeopleUITests */,
				84367A1627725459000FD919 /* Products */,
			);
			sourceTree = "<group>";
		};
		84367A1627725459000FD919 /* Products */ = {
			isa = PBXGroup;
			children = (
				84367A1527725459000FD919 /* GETPeople.app */,
				84367A2E2772545A000FD919 /* GETPeopleTests.xctest */,
				84367A382772545A000FD919 /* GETPeopleUITests.xctest */,
			);
			name = Products;
			sourceTree = "<group>";
		};
		84367A1727725459000FD919 /* GETPeople */ = {
			isa = PBXGroup;
			children = (
				84367A1827725459000FD919 /* AppDelegate.swift */,
				84367A1A27725459000FD919 /* SceneDelegate.swift */,
				84367A1C27725459000FD919 /* PeopleViewController.swift */,
				84367A1E27725459000FD919 /* Main.storyboard */,
				84367A242772545A000FD919 /* Assets.xcassets */,
				84367A262772545A000FD919 /* LaunchScreen.storyboard */,
				84367A292772545A000FD919 /* Info.plist */,
				84367A2127725459000FD919 /* GETPeople.xcdatamodeld */,
			);
			path = GETPeople;
			sourceTree = "<group>";
		};
		84367A312772545A000FD919 /* GETPeopleTests */ = {
			isa = PBXGroup;
			children = (
				84367A322772545A000FD919 /* GETPeopleTests.swift */,
			);
			path = GETPeopleTests;
			sourceTree = "<group>";
		};
		84367A3B2772545A000FD919 /* GETPeopleUITests */ = {
			isa = PBXGroup;
			children = (
				84367A3C2772545A000FD919 /* GETPeopleUITests.swift */,
				84367A3E2772545A000FD919 /* GETPeopleUITestsLaunchTests.swift */,
			);
			path = GETPeopleUITests;
			sourceTree = "<group>";
		};
/* End PBXGroup section */

/* Begin PBXNativeTarget section */
		84367A1427725459000FD919 /* GETPeople */ = {
			isa = PBXNativeTarget;
			buildConfigurationList = 84367A422772545A000FD919 /* Build configuration list for PBXNativeTarget "GETPeople" */;
			buildPhases = (
				84367A1127725459000FD919 /* Sources */,
				84367A1227725459000FD919 /* Frameworks */,
				84367A1327725459000FD919 /* Resources */,
			);
			buildRules = (
			);
			dependencies = (
			);
			name = GETPeople;
			productName = GETPeople;
			productReference = 84367A1527725459000FD919 /* GETPeople.app */;
			productType = "com.apple.product-type.application";
		};
		84367A2D2772545A000FD919 /* GETPeopleTests */ = {
			isa = PBXNativeTarget;
			buildConfigurationList = 84367A452772545A000FD919 /* Build configuration list for PBXNativeTarget "GETPeopleTests" */;
			buildPhases = (
				84367A2A2772545A000FD919 /* Sources */,
				84367A2B2772545A000FD919 /* Frameworks */,
				84367A2C2772545A000FD919 /* Resources */,
			);
			buildRules = (
			);
			dependencies = (
				84367A302772545A000FD919 /* PBXTargetDependency */,
			);
			name = GETPeopleTests;
			productName = GETPeopleTests;
			productReference = 84367A2E2772545A000FD919 /* GETPeopleTests.xctest */;
			productType = "com.apple.product-type.bundle.unit-test";
		};
		84367A372772545A000FD919 /* GETPeopleUITests */ = {
			isa = PBXNativeTarget;
			buildConfigurationList = 84367A482772545A000FD919 /* Build configuration list for PBXNativeTarget "GETPeopleUITests" */;
			buildPhases = (
				84367A342772545A000FD919 /* Sources */,
				84367A352772545A000FD919 /* Frameworks */,
				84367A362772545A000FD919 /* Resources */,
			);
			buildRules = (
			);
			dependencies = (
				84367A3A2772545A000FD919 /* PBXTargetDependency */,
			);
			name = GETPeopleUITests;
			productName = GETPeopleUITests;
			productReference = 84367A382772545A000FD919 /* GETPeopleUITests.xctest */;
			productType = "com.apple.product-type.bundle.ui-testing";
		};
/* End PBXNativeTarget section */

/* Begin PBXProject section */
		84367A0D27725459000FD919 /* Project object */ = {
			isa = PBXProject;
			attributes = {
				BuildIndependentTargetsInParallel = 1;
				LastSwiftUpdateCheck = 1320;
				LastUpgradeCheck = 1320;
				TargetAttributes = {
					84367A1427725459000FD919 = {
						CreatedOnToolsVersion = 13.2.1;
					};
					84367A2D2772545A000FD919 = {
						CreatedOnToolsVersion = 13.2.1;
						TestTargetID = 84367A1427725459000FD919;
					};
					84367A372772545A000FD919 = {
						CreatedOnToolsVersion = 13.2.1;
						TestTargetID = 84367A1427725459000FD919;
					};
				};
			};
			buildConfigurationList = 84367A1027725459000FD919 /* Build configuration list for PBXProject "GETPeople" */;
			compatibilityVersion = "Xcode 13.0";
			developmentRegion = en;
			hasScannedForEncodings = 0;
			knownRegions = (
				en,
				Base,
			);
			mainGroup = 84367A0C27725459000FD919;
			productRefGroup = 84367A1627725459000FD919 /* Products */;
			projectDirPath = "";
			projectRoot = "";
			targets = (
				84367A1427725459000FD919 /* GETPeople */,
				84367A2D2772545A000FD919 /* GETPeopleTests */,
				84367A372772545A000FD919 /* GETPeopleUITests */,
			);
		};
/* End PBXProject section */

/* Begin PBXResourcesBuildPhase section */
		84367A1327725459000FD919 /* Resources */ = {
			isa = PBXResourcesBuildPhase;
			buildActionMask = 2147483647;
			files = (
				84367A282772545A000FD919 /* LaunchScreen.storyboard in Resources */,
				84367A252772545A000FD919 /* Assets.xcassets in Resources */,
				84367A2027725459000FD919 /* Main.storyboard in Resources */,
			);
			runOnlyForDeploymentPostprocessing = 0;
		};
		84367A2C2772545A000FD919 /* Resources */ = {
			isa = PBXResourcesBuildPhase;
			buildActionMask = 2147483647;
			files = (
			);
			runOnlyForDeploymentPostprocessing = 0;
		};
		84367A362772545A000FD919 /* Resources */ = {
			isa = PBXResourcesBuildPhase;
			buildActionMask = 2147483647;
			files = (
			);
			runOnlyForDeploymentPostprocessing = 0;
		};
/* End PBXResourcesBuildPhase section */

/* Begin PBXSourcesBuildPhase section */
		84367A1127725459000FD919 /* Sources */ = {
			isa = PBXSourcesBuildPhase;
			buildActionMask = 2147483647;
			files = (
				84367A1D27725459000FD919 /* PeopleViewController.swift in Sources */,
				84367A1927725459000FD919 /* AppDelegate.swift in Sources */,
				84367A1B27725459000FD919 /* SceneDelegate.swift in Sources */,
				84367A2327725459000FD919 /* GETPeople.xcdatamodeld in Sources */,
			);
			runOnlyForDeploymentPostprocessing = 0;
		};
		84367A2A2772545A000FD919 /* Sources */ = {
			isa = PBXSourcesBuildPhase;
			buildActionMask = 2147483647;
			files = (
				84367A332772545A000FD919 /* GETPeopleTests.swift in Sources */,
			);
			runOnlyForDeploymentPostprocessing = 0;
		};
		84367A342772545A000FD919 /* Sources */ = {
			isa = PBXSourcesBuildPhase;
			buildActionMask = 2147483647;
			files = (
				84367A3F2772545A000FD919 /* GETPeopleUITestsLaunchTests.swift in Sources */,
				84367A3D2772545A000FD919 /* GETPeopleUITests.swift in Sources */,
			);
			runOnlyForDeploymentPostprocessing = 0;
		};
/* End PBXSourcesBuildPhase section */

/* Begin PBXTargetDependency section */
		84367A302772545A000FD919 /* PBXTargetDependency */ = {
			isa = PBXTargetDependency;
			target = 84367A1427725459000FD919 /* GETPeople */;
			targetProxy = 84367A2F2772545A000FD919 /* PBXContainerItemProxy */;
		};
		84367A3A2772545A000FD919 /* PBXTargetDependency */ = {
			isa = PBXTargetDependency;
			target = 84367A1427725459000FD919 /* GETPeople */;
			targetProxy = 84367A392772545A000FD919 /* PBXContainerItemProxy */;
		};
/* End PBXTargetDependency section */

/* Begin PBXVariantGroup section */
		84367A1E27725459000FD919 /* Main.storyboard */ = {
			isa = PBXVariantGroup;
			children = (
				84367A1F27725459000FD919 /* Base */,
			);
			name = Main.storyboard;
			sourceTree = "<group>";
		};
		84367A262772545A000FD919 /* LaunchScreen.storyboard */ = {
			isa = PBXVariantGroup;
			children = (
				84367A272772545A000FD919 /* Base */,
			);
			name = LaunchScreen.storyboard;
			sourceTree = "<group>";
		};
/* End PBXVariantGroup section */

/* Begin XCBuildConfiguration section */
		84367A402772545A000FD919 /* Debug */ = {
			isa = XCBuildConfiguration;
			buildSettings = {
				ALWAYS_SEARCH_USER_PATHS = NO;
				CLANG_ANALYZER_NONNULL = YES;
				CLANG_ANALYZER_NUMBER_OBJECT_CONVERSION = YES_AGGRESSIVE;
				CLANG_CXX_LANGUAGE_STANDARD = "gnu++17";
				CLANG_CXX_LIBRARY = "libc++";
				CLANG_ENABLE_MODULES = YES;
				CLANG_ENABLE_OBJC_ARC = YES;
				CLANG_ENABLE_OBJC_WEAK = YES;
				CLANG_WARN_BLOCK_CAPTURE_AUTORELEASING = YES;
				CLANG_WARN_BOOL_CONVERSION = YES;
				CLANG_WARN_COMMA = YES;
				CLANG_WARN_CONSTANT_CONVERSION = YES;
				CLANG_WARN_DEPRECATED_OBJC_IMPLEMENTATIONS = YES;
				CLANG_WARN_DIRECT_OBJC_ISA_USAGE = YES_ERROR;
				CLANG_WARN_DOCUMENTATION_COMMENTS = YES;
				CLANG_WARN_EMPTY_BODY = YES;
				CLANG_WARN_ENUM_CONVERSION = YES;
				CLANG_WARN_INFINITE_RECURSION = YES;
				CLANG_WARN_INT_CONVERSION = YES;
				CLANG_WARN_NON_LITERAL_NULL_CONVERSION = YES;
				CLANG_WARN_OBJC_IMPLICIT_RETAIN_SELF = YES;
				CLANG_WARN_OBJC_LITERAL_CONVERSION = YES;
				CLANG_WARN_OBJC_ROOT_CLASS = YES_ERROR;
				CLANG_WARN_QUOTED_INCLUDE_IN_FRAMEWORK_HEADER = YES;
				CLANG_WARN_RANGE_LOOP_ANALYSIS = YES;
				CLANG_WARN_STRICT_PROTOTYPES = YES;
				CLANG_WARN_SUSPICIOUS_MOVE = YES;
				CLANG_WARN_UNGUARDED_AVAILABILITY = YES_AGGRESSIVE;
				CLANG_WARN_UNREACHABLE_CODE = YES;
				CLANG_WARN__DUPLICATE_METHOD_MATCH = YES;
				COPY_PHASE_STRIP = NO;
				DEBUG_INFORMATION_FORMAT = dwarf;
				ENABLE_STRICT_OBJC_MSGSEND = YES;
				ENABLE_TESTABILITY = YES;
				GCC_C_LANGUAGE_STANDARD = gnu11;
				GCC_DYNAMIC_NO_PIC = NO;
				GCC_NO_COMMON_BLOCKS = YES;
				GCC_OPTIMIZATION_LEVEL = 0;
				GCC_PREPROCESSOR_DEFINITIONS = (
					"DEBUG=1",
					"$(inherited)",
				);
				GCC_WARN_64_TO_32_BIT_CONVERSION = YES;
				GCC_WARN_ABOUT_RETURN_TYPE = YES_ERROR;
				GCC_WARN_UNDECLARED_SELECTOR = YES;
				GCC_WARN_UNINITIALIZED_AUTOS = YES_AGGRESSIVE;
				GCC_WARN_UNUSED_FUNCTION = YES;
				GCC_WARN_UNUSED_VARIABLE = YES;
				IPHONEOS_DEPLOYMENT_TARGET = 15.2;
				MTL_ENABLE_DEBUG_INFO = INCLUDE_SOURCE;
				MTL_FAST_MATH = YES;
				ONLY_ACTIVE_ARCH = YES;
				SDKROOT = iphoneos;
				SWIFT_ACTIVE_COMPILATION_CONDITIONS = DEBUG;
				SWIFT_OPTIMIZATION_LEVEL = "-Onone";
			};
			name = Debug;
		};
		84367A412772545A000FD919 /* Release */ = {
			isa = XCBuildConfiguration;
			buildSettings = {
				ALWAYS_SEARCH_USER_PATHS = NO;
				CLANG_ANALYZER_NONNULL = YES;
				CLANG_ANALYZER_NUMBER_OBJECT_CONVERSION = YES_AGGRESSIVE;
				CLANG_CXX_LANGUAGE_STANDARD = "gnu++17";
				CLANG_CXX_LIBRARY = "libc++";
				CLANG_ENABLE_MODULES = YES;
				CLANG_ENABLE_OBJC_ARC = YES;
				CLANG_ENABLE_OBJC_WEAK = YES;
				CLANG_WARN_BLOCK_CAPTURE_AUTORELEASING = YES;
				CLANG_WARN_BOOL_CONVERSION = YES;
				CLANG_WARN_COMMA = YES;
				CLANG_WARN_CONSTANT_CONVERSION = YES;
				CLANG_WARN_DEPRECATED_OBJC_IMPLEMENTATIONS = YES;
				CLANG_WARN_DIRECT_OBJC_ISA_USAGE = YES_ERROR;
				CLANG_WARN_DOCUMENTATION_COMMENTS = YES;
				CLANG_WARN_EMPTY_BODY = YES;
				CLANG_WARN_ENUM_CONVERSION = YES;
				CLANG_WARN_INFINITE_RECURSION = YES;
				CLANG_WARN_INT_CONVERSION = YES;
				CLANG_WARN_NON_LITERAL_NULL_CONVERSION = YES;
				CLANG_WARN_OBJC_IMPLICIT_RETAIN_SELF = YES;
				CLANG_WARN_OBJC_LITERAL_CONVERSION = YES;
				CLANG_WARN_OBJC_ROOT_CLASS = YES_ERROR;
				CLANG_WARN_QUOTED_INCLUDE_IN_FRAMEWORK_HEADER = YES;
				CLANG_WARN_RANGE_LOOP_ANALYSIS = YES;
				CLANG_WARN_STRICT_PROTOTYPES = YES;
				CLANG_WARN_SUSPICIOUS_MOVE = YES;
				CLANG_WARN_UNGUARDED_AVAILABILITY = YES_AGGRESSIVE;
				CLANG_WARN_UNREACHABLE_CODE = YES;
				CLANG_WARN__DUPLICATE_METHOD_MATCH = YES;
				COPY_PHASE_STRIP = NO;
				DEBUG_INFORMATION_FORMAT = "dwarf-with-dsym";
				ENABLE_NS_ASSERTIONS = NO;
				ENABLE_STRICT_OBJC_MSGSEND = YES;
				GCC_C_LANGUAGE_STANDARD = gnu11;
				GCC_NO_COMMON_BLOCKS = YES;
				GCC_WARN_64_TO_32_BIT_CONVERSION = YES;
				GCC_WARN_ABOUT_RETURN_TYPE = YES_ERROR;
				GCC_WARN_UNDECLARED_SELECTOR = YES;
				GCC_WARN_UNINITIALIZED_AUTOS = YES_AGGRESSIVE;
				GCC_WARN_UNUSED_FUNCTION = YES;
				GCC_WARN_UNUSED_VARIABLE = YES;
				IPHONEOS_DEPLOYMENT_TARGET = 15.2;
				MTL_ENABLE_DEBUG_INFO = NO;
				MTL_FAST_MATH = YES;
				SDKROOT = iphoneos;
				SWIFT_COMPILATION_MODE = wholemodule;
				SWIFT_OPTIMIZATION_LEVEL = "-O";
				VALIDATE_PRODUCT = YES;
			};
			name = Release;
		};
		84367A432772545A000FD919 /* Debug */ = {
			isa = XCBuildConfiguration;
			buildSettings = {
				ASSETCATALOG_COMPILER_APPICON_NAME = AppIcon;
				ASSETCATALOG_COMPILER_GLOBAL_ACCENT_COLOR_NAME = AccentColor;
				CODE_SIGN_STYLE = Automatic;
				CURRENT_PROJECT_VERSION = 1;
				DEVELOPMENT_TEAM = 9U2P84VZ5X;
				GENERATE_INFOPLIST_FILE = YES;
				INFOPLIST_FILE = GETPeople/Info.plist;
				INFOPLIST_KEY_UIApplicationSupportsIndirectInputEvents = YES;
				INFOPLIST_KEY_UILaunchStoryboardName = LaunchScreen;
				INFOPLIST_KEY_UIMainStoryboardFile = Main;
				INFOPLIST_KEY_UISupportedInterfaceOrientations_iPad = "UIInterfaceOrientationPortrait UIInterfaceOrientationPortraitUpsideDown UIInterfaceOrientationLandscapeLeft UIInterfaceOrientationLandscapeRight";
				INFOPLIST_KEY_UISupportedInterfaceOrientations_iPhone = "UIInterfaceOrientationPortrait UIInterfaceOrientationLandscapeLeft UIInterfaceOrientationLandscapeRight";
				LD_RUNPATH_SEARCH_PATHS = (
					"$(inherited)",
					"@executable_path/Frameworks",
				);
				MARKETING_VERSION = 1.0;
				PRODUCT_BUNDLE_IDENTIFIER = "Dojo-Nerds.GETPeople";
				PRODUCT_NAME = "$(TARGET_NAME)";
				SWIFT_EMIT_LOC_STRINGS = YES;
				SWIFT_VERSION = 5.0;
				TARGETED_DEVICE_FAMILY = "1,2";
			};
			name = Debug;
		};
		84367A442772545A000FD919 /* Release */ = {
			isa = XCBuildConfiguration;
			buildSettings = {
				ASSETCATALOG_COMPILER_APPICON_NAME = AppIcon;
				ASSETCATALOG_COMPILER_GLOBAL_ACCENT_COLOR_NAME = AccentColor;
				CODE_SIGN_STYLE = Automatic;
				CURRENT_PROJECT_VERSION = 1;
				DEVELOPMENT_TEAM = 9U2P84VZ5X;
				GENERATE_INFOPLIST_FILE = YES;
				INFOPLIST_FILE = GETPeople/Info.plist;
				INFOPLIST_KEY_UIApplicationSupportsIndirectInputEvents = YES;
				INFOPLIST_KEY_UILaunchStoryboardName = LaunchScreen;
				INFOPLIST_KEY_UIMainStoryboardFile = Main;
				INFOPLIST_KEY_UISupportedInterfaceOrientations_iPad = "UIInterfaceOrientationPortrait UIInterfaceOrientationPortraitUpsideDown UIInterfaceOrientationLandscapeLeft UIInterfaceOrientationLandscapeRight";
				INFOPLIST_KEY_UISupportedInterfaceOrientations_iPhone = "UIInterfaceOrientationPortrait UIInterfaceOrientationLandscapeLeft UIInterfaceOrientationLandscapeRight";
				LD_RUNPATH_SEARCH_PATHS = (
					"$(inherited)",
					"@executable_path/Frameworks",
				);
				MARKETING_VERSION = 1.0;
				PRODUCT_BUNDLE_IDENTIFIER = "Dojo-Nerds.GETPeople";
				PRODUCT_NAME = "$(TARGET_NAME)";
				SWIFT_EMIT_LOC_STRINGS = YES;
				SWIFT_VERSION = 5.0;
				TARGETED_DEVICE_FAMILY = "1,2";
			};
			name = Release;
		};
		84367A462772545A000FD919 /* Debug */ = {
			isa = XCBuildConfiguration;
			buildSettings = {
				ALWAYS_EMBED_SWIFT_STANDARD_LIBRARIES = YES;
				BUNDLE_LOADER = "$(TEST_HOST)";
				CODE_SIGN_STYLE = Automatic;
				CURRENT_PROJECT_VERSION = 1;
				DEVELOPMENT_TEAM = 9U2P84VZ5X;
				GENERATE_INFOPLIST_FILE = YES;
				IPHONEOS_DEPLOYMENT_TARGET = 15.2;
				MARKETING_VERSION = 1.0;
				PRODUCT_BUNDLE_IDENTIFIER = "Dojo-Nerds.GETPeopleTests";
				PRODUCT_NAME = "$(TARGET_NAME)";
				SWIFT_EMIT_LOC_STRINGS = NO;
				SWIFT_VERSION = 5.0;
				TARGETED_DEVICE_FAMILY = "1,2";
				TEST_HOST = "$(BUILT_PRODUCTS_DIR)/GETPeople.app/GETPeople";
			};
			name = Debug;
		};
		84367A472772545A000FD919 /* Release */ = {
			isa = XCBuildConfiguration;
			buildSettings = {
				ALWAYS_EMBED_SWIFT_STANDARD_LIBRARIES = YES;
				BUNDLE_LOADER = "$(TEST_HOST)";
				CODE_SIGN_STYLE = Automatic;
				CURRENT_PROJECT_VERSION = 1;
				DEVELOPMENT_TEAM = 9U2P84VZ5X;
				GENERATE_INFOPLIST_FILE = YES;
				IPHONEOS_DEPLOYMENT_TARGET = 15.2;
				MARKETING_VERSION = 1.0;
				PRODUCT_BUNDLE_IDENTIFIER = "Dojo-Nerds.GETPeopleTests";
				PRODUCT_NAME = "$(TARGET_NAME)";
				SWIFT_EMIT_LOC_STRINGS = NO;
				SWIFT_VERSION = 5.0;
				TARGETED_DEVICE_FAMILY = "1,2";
				TEST_HOST = "$(BUILT_PRODUCTS_DIR)/GETPeople.app/GETPeople";
			};
			name = Release;
		};
		84367A492772545A000FD919 /* Debug */ = {
			isa = XCBuildConfiguration;
			buildSettings = {
				ALWAYS_EMBED_SWIFT_STANDARD_LIBRARIES = YES;
				CODE_SIGN_STYLE = Automatic;
				CURRENT_PROJECT_VERSION = 1;
				DEVELOPMENT_TEAM = 9U2P84VZ5X;
				GENERATE_INFOPLIST_FILE = YES;
				MARKETING_VERSION = 1.0;
				PRODUCT_BUNDLE_IDENTIFIER = "Dojo-Nerds.GETPeopleUITests";
				PRODUCT_NAME = "$(TARGET_NAME)";
				SWIFT_EMIT_LOC_STRINGS = NO;
				SWIFT_VERSION = 5.0;
				TARGETED_DEVICE_FAMILY = "1,2";
				TEST_TARGET_NAME = GETPeople;
			};
			name = Debug;
		};
		84367A4A2772545A000FD919 /* Release */ = {
			isa = XCBuildConfiguration;
			buildSettings = {
				ALWAYS_EMBED_SWIFT_STANDARD_LIBRARIES = YES;
				CODE_SIGN_STYLE = Automatic;
				CURRENT_PROJECT_VERSION = 1;
				DEVELOPMENT_TEAM = 9U2P84VZ5X;
				GENERATE_INFOPLIST_FILE = YES;
				MARKETING_VERSION = 1.0;
				PRODUCT_BUNDLE_IDENTIFIER = "Dojo-Nerds.GETPeopleUITests";
				PRODUCT_NAME = "$(TARGET_NAME)";
				SWIFT_EMIT_LOC_STRINGS = NO;
				SWIFT_VERSION = 5.0;
				TARGETED_DEVICE_FAMILY = "1,2";
				TEST_TARGET_NAME = GETPeople;
			};
			name = Release;
		};
/* End XCBuildConfiguration section */

/* Begin XCConfigurationList section */
		84367A1027725459000FD919 /* Build configuration list for PBXProject "GETPeople" */ = {
			isa = XCConfigurationList;
			buildConfigurations = (
				84367A402772545A000FD919 /* Debug */,
				84367A412772545A000FD919 /* Release */,
			);
			defaultConfigurationIsVisible = 0;
			defaultConfigurationName = Release;
		};
		84367A422772545A000FD919 /* Build configuration list for PBXNativeTarget "GETPeople" */ = {
			isa = XCConfigurationList;
			buildConfigurations = (
				84367A432772545A000FD919 /* Debug */,
				84367A442772545A000FD919 /* Release */,
			);
			defaultConfigurationIsVisible = 0;
			defaultConfigurationName = Release;
		};
		84367A452772545A000FD919 /* Build configuration list for PBXNativeTarget "GETPeopleTests" */ = {
			isa = XCConfigurationList;
			buildConfigurations = (
				84367A462772545A000FD919 /* Debug */,
				84367A472772545A000FD919 /* Release */,
			);
			defaultConfigurationIsVisible = 0;
			defaultConfigurationName = Release;
		};
		84367A482772545A000FD919 /* Build configuration list for PBXNativeTarget "GETPeopleUITests" */ = {
			isa = XCConfigurationList;
			buildConfigurations = (
				84367A492772545A000FD919 /* Debug */,
				84367A4A2772545A000FD919 /* Release */,
			);
			defaultConfigurationIsVisible = 0;
			defaultConfigurationName = Release;
		};
/* End XCConfigurationList section */

/* Begin XCVersionGroup section */
		84367A2127725459000FD919 /* GETPeople.xcdatamodeld */ = {
			isa = XCVersionGroup;
			children = (
				84367A2227725459000FD919 /* GETPeople.xcdatamodel */,
			);
			currentVersion = 84367A2227725459000FD919 /* GETPeople.xcdatamodel */;
			path = GETPeople.xcdatamodeld;
			sourceTree = "<group>";
			versionGroupType = wrapper.xcdatamodel;
		};
/* End XCVersionGroup section */
	};
	rootObject = 84367A0D27725459000FD919 /* Project object */;
}
